// !$*UTF8*$!
{
	archiveVersion = 1;
	classes = {
	};
	objectVersion = 55;
	objects = {

/* Begin PBXBuildFile section */
		45D2F79B28885DC900ED81E4 /* DevelopersButlerApp.swift in Sources */ = {isa = PBXBuildFile; fileRef = 45D2F79A28885DC900ED81E4 /* DevelopersButlerApp.swift */; };
		45D2F79D28885DC900ED81E4 /* ContentView.swift in Sources */ = {isa = PBXBuildFile; fileRef = 45D2F79C28885DC900ED81E4 /* ContentView.swift */; };
		45D2F79F28885DCA00ED81E4 /* Assets.xcassets in Resources */ = {isa = PBXBuildFile; fileRef = 45D2F79E28885DCA00ED81E4 /* Assets.xcassets */; };
		45D2F7A228885DCA00ED81E4 /* Preview Assets.xcassets in Resources */ = {isa = PBXBuildFile; fileRef = 45D2F7A128885DCA00ED81E4 /* Preview Assets.xcassets */; };
		45D2F7AD28885DCA00ED81E4 /* DevelopersButlerTests.swift in Sources */ = {isa = PBXBuildFile; fileRef = 45D2F7AC28885DCA00ED81E4 /* DevelopersButlerTests.swift */; };
		45D2F7B728885DCA00ED81E4 /* DevelopersButlerUITests.swift in Sources */ = {isa = PBXBuildFile; fileRef = 45D2F7B628885DCA00ED81E4 /* DevelopersButlerUITests.swift */; };
		45D2F7B928885DCA00ED81E4 /* DevelopersButlerUITestsLaunchTests.swift in Sources */ = {isa = PBXBuildFile; fileRef = 45D2F7B828885DCA00ED81E4 /* DevelopersButlerUITestsLaunchTests.swift */; };
/* End PBXBuildFile section */

/* Begin PBXContainerItemProxy section */
		45D2F7A928885DCA00ED81E4 /* PBXContainerItemProxy */ = {
			isa = PBXContainerItemProxy;
			containerPortal = 45D2F78F28885DC900ED81E4 /* Project object */;
			proxyType = 1;
			remoteGlobalIDString = 45D2F79628885DC900ED81E4;
			remoteInfo = DevelopersButler;
		};
		45D2F7B328885DCA00ED81E4 /* PBXContainerItemProxy */ = {
			isa = PBXContainerItemProxy;
			containerPortal = 45D2F78F28885DC900ED81E4 /* Project object */;
			proxyType = 1;
			remoteGlobalIDString = 45D2F79628885DC900ED81E4;
			remoteInfo = DevelopersButler;
		};
/* End PBXContainerItemProxy section */

/* Begin PBXFileReference section */
		45D2F79728885DC900ED81E4 /* DevelopersButler.app */ = {isa = PBXFileReference; explicitFileType = wrapper.application; includeInIndex = 0; path = DevelopersButler.app; sourceTree = BUILT_PRODUCTS_DIR; };
		45D2F79A28885DC900ED81E4 /* DevelopersButlerApp.swift */ = {isa = PBXFileReference; lastKnownFileType = sourcecode.swift; path = DevelopersButlerApp.swift; sourceTree = "<group>"; };
		45D2F79C28885DC900ED81E4 /* ContentView.swift */ = {isa = PBXFileReference; lastKnownFileType = sourcecode.swift; path = ContentView.swift; sourceTree = "<group>"; };
		45D2F79E28885DCA00ED81E4 /* Assets.xcassets */ = {isa = PBXFileReference; lastKnownFileType = folder.assetcatalog; path = Assets.xcassets; sourceTree = "<group>"; };
		45D2F7A128885DCA00ED81E4 /* Preview Assets.xcassets */ = {isa = PBXFileReference; lastKnownFileType = folder.assetcatalog; path = "Preview Assets.xcassets"; sourceTree = "<group>"; };
		45D2F7A328885DCA00ED81E4 /* DevelopersButler.entitlements */ = {isa = PBXFileReference; lastKnownFileType = text.plist.entitlements; path = DevelopersButler.entitlements; sourceTree = "<group>"; };
		45D2F7A828885DCA00ED81E4 /* DevelopersButlerTests.xctest */ = {isa = PBXFileReference; explicitFileType = wrapper.cfbundle; includeInIndex = 0; path = DevelopersButlerTests.xctest; sourceTree = BUILT_PRODUCTS_DIR; };
		45D2F7AC28885DCA00ED81E4 /* DevelopersButlerTests.swift */ = {isa = PBXFileReference; lastKnownFileType = sourcecode.swift; path = DevelopersButlerTests.swift; sourceTree = "<group>"; };
		45D2F7B228885DCA00ED81E4 /* DevelopersButlerUITests.xctest */ = {isa = PBXFileReference; explicitFileType = wrapper.cfbundle; includeInIndex = 0; path = DevelopersButlerUITests.xctest; sourceTree = BUILT_PRODUCTS_DIR; };
		45D2F7B628885DCA00ED81E4 /* DevelopersButlerUITests.swift */ = {isa = PBXFileReference; lastKnownFileType = sourcecode.swift; path = DevelopersButlerUITests.swift; sourceTree = "<group>"; };
		45D2F7B828885DCA00ED81E4 /* DevelopersButlerUITestsLaunchTests.swift */ = {isa = PBXFileReference; lastKnownFileType = sourcecode.swift; path = DevelopersButlerUITestsLaunchTests.swift; sourceTree = "<group>"; };
/* End PBXFileReference section */

/* Begin PBXFrameworksBuildPhase section */
		45D2F79428885DC900ED81E4 /* Frameworks */ = {
			isa = PBXFrameworksBuildPhase;
			buildActionMask = 2147483647;
			files = (
			);
			runOnlyForDeploymentPostprocessing = 0;
		};
		45D2F7A528885DCA00ED81E4 /* Frameworks */ = {
			isa = PBXFrameworksBuildPhase;
			buildActionMask = 2147483647;
			files = (
			);
			runOnlyForDeploymentPostprocessing = 0;
		};
		45D2F7AF28885DCA00ED81E4 /* Frameworks */ = {
			isa = PBXFrameworksBuildPhase;
			buildActionMask = 2147483647;
			files = (
			);
			runOnlyForDeploymentPostprocessing = 0;
		};
/* End PBXFrameworksBuildPhase section */

/* Begin PBXGroup section */
		45D2F78E28885DC900ED81E4 = {
			isa = PBXGroup;
			children = (
				45D2F79928885DC900ED81E4 /* DevelopersButler */,
				45D2F7AB28885DCA00ED81E4 /* DevelopersButlerTests */,
				45D2F7B528885DCA00ED81E4 /* DevelopersButlerUITests */,
				45D2F79828885DC900ED81E4 /* Products */,
			);
			sourceTree = "<group>";
		};
		45D2F79828885DC900ED81E4 /* Products */ = {
			isa = PBXGroup;
			children = (
				45D2F79728885DC900ED81E4 /* DevelopersButler.app */,
				45D2F7A828885DCA00ED81E4 /* DevelopersButlerTests.xctest */,
				45D2F7B228885DCA00ED81E4 /* DevelopersButlerUITests.xctest */,
			);
			name = Products;
			sourceTree = "<group>";
		};
		45D2F79928885DC900ED81E4 /* DevelopersButler */ = {
			isa = PBXGroup;
			children = (
				45D2F79A28885DC900ED81E4 /* DevelopersButlerApp.swift */,
				45D2F79C28885DC900ED81E4 /* ContentView.swift */,
				45D2F79E28885DCA00ED81E4 /* Assets.xcassets */,
				45D2F7A328885DCA00ED81E4 /* DevelopersButler.entitlements */,
				45D2F7A028885DCA00ED81E4 /* Preview Content */,
			);
			path = DevelopersButler;
			sourceTree = "<group>";
		};
		45D2F7A028885DCA00ED81E4 /* Preview Content */ = {
			isa = PBXGroup;
			children = (
				45D2F7A128885DCA00ED81E4 /* Preview Assets.xcassets */,
			);
			path = "Preview Content";
			sourceTree = "<group>";
		};
		45D2F7AB28885DCA00ED81E4 /* DevelopersButlerTests */ = {
			isa = PBXGroup;
			children = (
				45D2F7AC28885DCA00ED81E4 /* DevelopersButlerTests.swift */,
			);
			path = DevelopersButlerTests;
			sourceTree = "<group>";
		};
		45D2F7B528885DCA00ED81E4 /* DevelopersButlerUITests */ = {
			isa = PBXGroup;
			children = (
				45D2F7B628885DCA00ED81E4 /* DevelopersButlerUITests.swift */,
				45D2F7B828885DCA00ED81E4 /* DevelopersButlerUITestsLaunchTests.swift */,
			);
			path = DevelopersButlerUITests;
			sourceTree = "<group>";
		};
/* End PBXGroup section */

/* Begin PBXNativeTarget section */
		45D2F79628885DC900ED81E4 /* DevelopersButler */ = {
			isa = PBXNativeTarget;
			buildConfigurationList = 45D2F7BC28885DCA00ED81E4 /* Build configuration list for PBXNativeTarget "DevelopersButler" */;
			buildPhases = (
				45D2F79328885DC900ED81E4 /* Sources */,
				45D2F79428885DC900ED81E4 /* Frameworks */,
				45D2F79528885DC900ED81E4 /* Resources */,
			);
			buildRules = (
			);
			dependencies = (
			);
			name = DevelopersButler;
			productName = DevelopersButler;
			productReference = 45D2F79728885DC900ED81E4 /* DevelopersButler.app */;
			productType = "com.apple.product-type.application";
		};
		45D2F7A728885DCA00ED81E4 /* DevelopersButlerTests */ = {
			isa = PBXNativeTarget;
			buildConfigurationList = 45D2F7BF28885DCA00ED81E4 /* Build configuration list for PBXNativeTarget "DevelopersButlerTests" */;
			buildPhases = (
				45D2F7A428885DCA00ED81E4 /* Sources */,
				45D2F7A528885DCA00ED81E4 /* Frameworks */,
				45D2F7A628885DCA00ED81E4 /* Resources */,
			);
			buildRules = (
			);
			dependencies = (
				45D2F7AA28885DCA00ED81E4 /* PBXTargetDependency */,
			);
			name = DevelopersButlerTests;
			productName = DevelopersButlerTests;
			productReference = 45D2F7A828885DCA00ED81E4 /* DevelopersButlerTests.xctest */;
			productType = "com.apple.product-type.bundle.unit-test";
		};
		45D2F7B128885DCA00ED81E4 /* DevelopersButlerUITests */ = {
			isa = PBXNativeTarget;
			buildConfigurationList = 45D2F7C228885DCA00ED81E4 /* Build configuration list for PBXNativeTarget "DevelopersButlerUITests" */;
			buildPhases = (
				45D2F7AE28885DCA00ED81E4 /* Sources */,
				45D2F7AF28885DCA00ED81E4 /* Frameworks */,
				45D2F7B028885DCA00ED81E4 /* Resources */,
			);
			buildRules = (
			);
			dependencies = (
				45D2F7B428885DCA00ED81E4 /* PBXTargetDependency */,
			);
			name = DevelopersButlerUITests;
			productName = DevelopersButlerUITests;
			productReference = 45D2F7B228885DCA00ED81E4 /* DevelopersButlerUITests.xctest */;
			productType = "com.apple.product-type.bundle.ui-testing";
		};
/* End PBXNativeTarget section */

/* Begin PBXProject section */
		45D2F78F28885DC900ED81E4 /* Project object */ = {
			isa = PBXProject;
			attributes = {
				BuildIndependentTargetsInParallel = 1;
				LastSwiftUpdateCheck = 1340;
				LastUpgradeCheck = 1340;
				TargetAttributes = {
					45D2F79628885DC900ED81E4 = {
						CreatedOnToolsVersion = 13.4.1;
					};
					45D2F7A728885DCA00ED81E4 = {
						CreatedOnToolsVersion = 13.4.1;
						TestTargetID = 45D2F79628885DC900ED81E4;
					};
					45D2F7B128885DCA00ED81E4 = {
						CreatedOnToolsVersion = 13.4.1;
						TestTargetID = 45D2F79628885DC900ED81E4;
					};
				};
			};
			buildConfigurationList = 45D2F79228885DC900ED81E4 /* Build configuration list for PBXProject "DevelopersButler" */;
			compatibilityVersion = "Xcode 13.0";
			developmentRegion = en;
			hasScannedForEncodings = 0;
			knownRegions = (
				en,
				Base,
			);
			mainGroup = 45D2F78E28885DC900ED81E4;
			productRefGroup = 45D2F79828885DC900ED81E4 /* Products */;
			projectDirPath = "";
			projectRoot = "";
			targets = (
				45D2F79628885DC900ED81E4 /* DevelopersButler */,
				45D2F7A728885DCA00ED81E4 /* DevelopersButlerTests */,
				45D2F7B128885DCA00ED81E4 /* DevelopersButlerUITests */,
			);
		};
/* End PBXProject section */

/* Begin PBXResourcesBuildPhase section */
		45D2F79528885DC900ED81E4 /* Resources */ = {
			isa = PBXResourcesBuildPhase;
			buildActionMask = 2147483647;
			files = (
				45D2F7A228885DCA00ED81E4 /* Preview Assets.xcassets in Resources */,
				45D2F79F28885DCA00ED81E4 /* Assets.xcassets in Resources */,
			);
			runOnlyForDeploymentPostprocessing = 0;
		};
		45D2F7A628885DCA00ED81E4 /* Resources */ = {
			isa = PBXResourcesBuildPhase;
			buildActionMask = 2147483647;
			files = (
			);
			runOnlyForDeploymentPostprocessing = 0;
		};
		45D2F7B028885DCA00ED81E4 /* Resources */ = {
			isa = PBXResourcesBuildPhase;
			buildActionMask = 2147483647;
			files = (
			);
			runOnlyForDeploymentPostprocessing = 0;
		};
/* End PBXResourcesBuildPhase section */

/* Begin PBXSourcesBuildPhase section */
		45D2F79328885DC900ED81E4 /* Sources */ = {
			isa = PBXSourcesBuildPhase;
			buildActionMask = 2147483647;
			files = (
				45D2F79D28885DC900ED81E4 /* ContentView.swift in Sources */,
				45D2F79B28885DC900ED81E4 /* DevelopersButlerApp.swift in Sources */,
			);
			runOnlyForDeploymentPostprocessing = 0;
		};
		45D2F7A428885DCA00ED81E4 /* Sources */ = {
			isa = PBXSourcesBuildPhase;
			buildActionMask = 2147483647;
			files = (
				45D2F7AD28885DCA00ED81E4 /* DevelopersButlerTests.swift in Sources */,
			);
			runOnlyForDeploymentPostprocessing = 0;
		};
		45D2F7AE28885DCA00ED81E4 /* Sources */ = {
			isa = PBXSourcesBuildPhase;
			buildActionMask = 2147483647;
			files = (
				45D2F7B728885DCA00ED81E4 /* DevelopersButlerUITests.swift in Sources */,
				45D2F7B928885DCA00ED81E4 /* DevelopersButlerUITestsLaunchTests.swift in Sources */,
			);
			runOnlyForDeploymentPostprocessing = 0;
		};
/* End PBXSourcesBuildPhase section */

/* Begin PBXTargetDependency section */
		45D2F7AA28885DCA00ED81E4 /* PBXTargetDependency */ = {
			isa = PBXTargetDependency;
			target = 45D2F79628885DC900ED81E4 /* DevelopersButler */;
			targetProxy = 45D2F7A928885DCA00ED81E4 /* PBXContainerItemProxy */;
		};
		45D2F7B428885DCA00ED81E4 /* PBXTargetDependency */ = {
			isa = PBXTargetDependency;
			target = 45D2F79628885DC900ED81E4 /* DevelopersButler */;
			targetProxy = 45D2F7B328885DCA00ED81E4 /* PBXContainerItemProxy */;
		};
/* End PBXTargetDependency section */

/* Begin XCBuildConfiguration section */
		45D2F7BA28885DCA00ED81E4 /* Debug */ = {
			isa = XCBuildConfiguration;
			buildSettings = {
				ALWAYS_SEARCH_USER_PATHS = NO;
				CLANG_ANALYZER_NONNULL = YES;
				CLANG_ANALYZER_NUMBER_OBJECT_CONVERSION = YES_AGGRESSIVE;
				CLANG_CXX_LANGUAGE_STANDARD = "gnu++17";
				CLANG_ENABLE_MODULES = YES;
				CLANG_ENABLE_OBJC_ARC = YES;
				CLANG_ENABLE_OBJC_WEAK = YES;
				CLANG_WARN_BLOCK_CAPTURE_AUTORELEASING = YES;
				CLANG_WARN_BOOL_CONVERSION = YES;
				CLANG_WARN_COMMA = YES;
				CLANG_WARN_CONSTANT_CONVERSION = YES;
				CLANG_WARN_DEPRECATED_OBJC_IMPLEMENTATIONS = YES;
				CLANG_WARN_DIRECT_OBJC_ISA_USAGE = YES_ERROR;
				CLANG_WARN_DOCUMENTATION_COMMENTS = YES;
				CLANG_WARN_EMPTY_BODY = YES;
				CLANG_WARN_ENUM_CONVERSION = YES;
				CLANG_WARN_INFINITE_RECURSION = YES;
				CLANG_WARN_INT_CONVERSION = YES;
				CLANG_WARN_NON_LITERAL_NULL_CONVERSION = YES;
				CLANG_WARN_OBJC_IMPLICIT_RETAIN_SELF = YES;
				CLANG_WARN_OBJC_LITERAL_CONVERSION = YES;
				CLANG_WARN_OBJC_ROOT_CLASS = YES_ERROR;
				CLANG_WARN_QUOTED_INCLUDE_IN_FRAMEWORK_HEADER = YES;
				CLANG_WARN_RANGE_LOOP_ANALYSIS = YES;
				CLANG_WARN_STRICT_PROTOTYPES = YES;
				CLANG_WARN_SUSPICIOUS_MOVE = YES;
				CLANG_WARN_UNGUARDED_AVAILABILITY = YES_AGGRESSIVE;
				CLANG_WARN_UNREACHABLE_CODE = YES;
				CLANG_WARN__DUPLICATE_METHOD_MATCH = YES;
				COPY_PHASE_STRIP = NO;
				DEBUG_INFORMATION_FORMAT = dwarf;
				ENABLE_STRICT_OBJC_MSGSEND = YES;
				ENABLE_TESTABILITY = YES;
				GCC_C_LANGUAGE_STANDARD = gnu11;
				GCC_DYNAMIC_NO_PIC = NO;
				GCC_NO_COMMON_BLOCKS = YES;
				GCC_OPTIMIZATION_LEVEL = 0;
				GCC_PREPROCESSOR_DEFINITIONS = (
					"DEBUG=1",
					"$(inherited)",
				);
				GCC_WARN_64_TO_32_BIT_CONVERSION = YES;
				GCC_WARN_ABOUT_RETURN_TYPE = YES_ERROR;
				GCC_WARN_UNDECLARED_SELECTOR = YES;
				GCC_WARN_UNINITIALIZED_AUTOS = YES_AGGRESSIVE;
				GCC_WARN_UNUSED_FUNCTION = YES;
				GCC_WARN_UNUSED_VARIABLE = YES;
				MACOSX_DEPLOYMENT_TARGET = 12.3;
				MTL_ENABLE_DEBUG_INFO = INCLUDE_SOURCE;
				MTL_FAST_MATH = YES;
				ONLY_ACTIVE_ARCH = YES;
				SDKROOT = macosx;
				SWIFT_ACTIVE_COMPILATION_CONDITIONS = DEBUG;
				SWIFT_OPTIMIZATION_LEVEL = "-Onone";
			};
			name = Debug;
		};
		45D2F7BB28885DCA00ED81E4 /* Release */ = {
			isa = XCBuildConfiguration;
			buildSettings = {
				ALWAYS_SEARCH_USER_PATHS = NO;
				CLANG_ANALYZER_NONNULL = YES;
				CLANG_ANALYZER_NUMBER_OBJECT_CONVERSION = YES_AGGRESSIVE;
				CLANG_CXX_LANGUAGE_STANDARD = "gnu++17";
				CLANG_ENABLE_MODULES = YES;
				CLANG_ENABLE_OBJC_ARC = YES;
				CLANG_ENABLE_OBJC_WEAK = YES;
				CLANG_WARN_BLOCK_CAPTURE_AUTORELEASING = YES;
				CLANG_WARN_BOOL_CONVERSION = YES;
				CLANG_WARN_COMMA = YES;
				CLANG_WARN_CONSTANT_CONVERSION = YES;
				CLANG_WARN_DEPRECATED_OBJC_IMPLEMENTATIONS = YES;
				CLANG_WARN_DIRECT_OBJC_ISA_USAGE = YES_ERROR;
				CLANG_WARN_DOCUMENTATION_COMMENTS = YES;
				CLANG_WARN_EMPTY_BODY = YES;
				CLANG_WARN_ENUM_CONVERSION = YES;
				CLANG_WARN_INFINITE_RECURSION = YES;
				CLANG_WARN_INT_CONVERSION = YES;
				CLANG_WARN_NON_LITERAL_NULL_CONVERSION = YES;
				CLANG_WARN_OBJC_IMPLICIT_RETAIN_SELF = YES;
				CLANG_WARN_OBJC_LITERAL_CONVERSION = YES;
				CLANG_WARN_OBJC_ROOT_CLASS = YES_ERROR;
				CLANG_WARN_QUOTED_INCLUDE_IN_FRAMEWORK_HEADER = YES;
				CLANG_WARN_RANGE_LOOP_ANALYSIS = YES;
				CLANG_WARN_STRICT_PROTOTYPES = YES;
				CLANG_WARN_SUSPICIOUS_MOVE = YES;
				CLANG_WARN_UNGUARDED_AVAILABILITY = YES_AGGRESSIVE;
				CLANG_WARN_UNREACHABLE_CODE = YES;
				CLANG_WARN__DUPLICATE_METHOD_MATCH = YES;
				COPY_PHASE_STRIP = NO;
				DEBUG_INFORMATION_FORMAT = "dwarf-with-dsym";
				ENABLE_NS_ASSERTIONS = NO;
				ENABLE_STRICT_OBJC_MSGSEND = YES;
				GCC_C_LANGUAGE_STANDARD = gnu11;
				GCC_NO_COMMON_BLOCKS = YES;
				GCC_WARN_64_TO_32_BIT_CONVERSION = YES;
				GCC_WARN_ABOUT_RETURN_TYPE = YES_ERROR;
				GCC_WARN_UNDECLARED_SELECTOR = YES;
				GCC_WARN_UNINITIALIZED_AUTOS = YES_AGGRESSIVE;
				GCC_WARN_UNUSED_FUNCTION = YES;
				GCC_WARN_UNUSED_VARIABLE = YES;
				MACOSX_DEPLOYMENT_TARGET = 12.3;
				MTL_ENABLE_DEBUG_INFO = NO;
				MTL_FAST_MATH = YES;
				SDKROOT = macosx;
				SWIFT_COMPILATION_MODE = wholemodule;
				SWIFT_OPTIMIZATION_LEVEL = "-O";
			};
			name = Release;
		};
		45D2F7BD28885DCA00ED81E4 /* Debug */ = {
			isa = XCBuildConfiguration;
			buildSettings = {
				ASSETCATALOG_COMPILER_APPICON_NAME = AppIcon;
				ASSETCATALOG_COMPILER_GLOBAL_ACCENT_COLOR_NAME = AccentColor;
				CODE_SIGN_ENTITLEMENTS = DevelopersButler/DevelopersButler.entitlements;
				CODE_SIGN_STYLE = Automatic;
				COMBINE_HIDPI_IMAGES = YES;
				CURRENT_PROJECT_VERSION = 1;
				DEVELOPMENT_ASSET_PATHS = "\"DevelopersButler/Preview Content\"";
				DEVELOPMENT_TEAM = 9RSVCT9A9H;
				ENABLE_HARDENED_RUNTIME = YES;
				ENABLE_PREVIEWS = YES;
				GENERATE_INFOPLIST_FILE = YES;
				INFOPLIST_KEY_NSHumanReadableCopyright = "";
				LD_RUNPATH_SEARCH_PATHS = (
					"$(inherited)",
					"@executable_path/../Frameworks",
				);
				MARKETING_VERSION = 1.0;
				PRODUCT_BUNDLE_IDENTIFIER = com.mateuszbak.DevelopersButler;
				PRODUCT_NAME = "$(TARGET_NAME)";
				SWIFT_EMIT_LOC_STRINGS = YES;
				SWIFT_VERSION = 5.0;
			};
			name = Debug;
		};
		45D2F7BE28885DCA00ED81E4 /* Release */ = {
			isa = XCBuildConfiguration;
			buildSettings = {
				ASSETCATALOG_COMPILER_APPICON_NAME = AppIcon;
				ASSETCATALOG_COMPILER_GLOBAL_ACCENT_COLOR_NAME = AccentColor;
				CODE_SIGN_ENTITLEMENTS = DevelopersButler/DevelopersButler.entitlements;
				CODE_SIGN_STYLE = Automatic;
				COMBINE_HIDPI_IMAGES = YES;
				CURRENT_PROJECT_VERSION = 1;
				DEVELOPMENT_ASSET_PATHS = "\"DevelopersButler/Preview Content\"";
				DEVELOPMENT_TEAM = 9RSVCT9A9H;
				ENABLE_HARDENED_RUNTIME = YES;
				ENABLE_PREVIEWS = YES;
				GENERATE_INFOPLIST_FILE = YES;
				INFOPLIST_KEY_NSHumanReadableCopyright = "";
				LD_RUNPATH_SEARCH_PATHS = (
					"$(inherited)",
					"@executable_path/../Frameworks",
				);
				MARKETING_VERSION = 1.0;
				PRODUCT_BUNDLE_IDENTIFIER = com.mateuszbak.DevelopersButler;
				PRODUCT_NAME = "$(TARGET_NAME)";
				SWIFT_EMIT_LOC_STRINGS = YES;
				SWIFT_VERSION = 5.0;
			};
			name = Release;
		};
		45D2F7C028885DCA00ED81E4 /* Debug */ = {
			isa = XCBuildConfiguration;
			buildSettings = {
				ALWAYS_EMBED_SWIFT_STANDARD_LIBRARIES = YES;
				BUNDLE_LOADER = "$(TEST_HOST)";
				CODE_SIGN_STYLE = Automatic;
				CURRENT_PROJECT_VERSION = 1;
				DEVELOPMENT_TEAM = 9RSVCT9A9H;
				GENERATE_INFOPLIST_FILE = YES;
				MACOSX_DEPLOYMENT_TARGET = 12.3;
				MARKETING_VERSION = 1.0;
				PRODUCT_BUNDLE_IDENTIFIER = com.mateuszbak.DevelopersButlerTests;
				PRODUCT_NAME = "$(TARGET_NAME)";
				SWIFT_EMIT_LOC_STRINGS = NO;
				SWIFT_VERSION = 5.0;
				TEST_HOST = "$(BUILT_PRODUCTS_DIR)/DevelopersButler.app/Contents/MacOS/DevelopersButler";
			};
			name = Debug;
		};
		45D2F7C128885DCA00ED81E4 /* Release */ = {
			isa = XCBuildConfiguration;
			buildSettings = {
				ALWAYS_EMBED_SWIFT_STANDARD_LIBRARIES = YES;
				BUNDLE_LOADER = "$(TEST_HOST)";
				CODE_SIGN_STYLE = Automatic;
				CURRENT_PROJECT_VERSION = 1;
				DEVELOPMENT_TEAM = 9RSVCT9A9H;
				GENERATE_INFOPLIST_FILE = YES;
				MACOSX_DEPLOYMENT_TARGET = 12.3;
				MARKETING_VERSION = 1.0;
				PRODUCT_BUNDLE_IDENTIFIER = com.mateuszbak.DevelopersButlerTests;
				PRODUCT_NAME = "$(TARGET_NAME)";
				SWIFT_EMIT_LOC_STRINGS = NO;
				SWIFT_VERSION = 5.0;
				TEST_HOST = "$(BUILT_PRODUCTS_DIR)/DevelopersButler.app/Contents/MacOS/DevelopersButler";
			};
			name = Release;
		};
		45D2F7C328885DCA00ED81E4 /* Debug */ = {
			isa = XCBuildConfiguration;
			buildSettings = {
				ALWAYS_EMBED_SWIFT_STANDARD_LIBRARIES = YES;
				CODE_SIGN_STYLE = Automatic;
				CURRENT_PROJECT_VERSION = 1;
				DEVELOPMENT_TEAM = 9RSVCT9A9H;
				GENERATE_INFOPLIST_FILE = YES;
				MARKETING_VERSION = 1.0;
				PRODUCT_BUNDLE_IDENTIFIER = com.mateuszbak.DevelopersButlerUITests;
				PRODUCT_NAME = "$(TARGET_NAME)";
				SWIFT_EMIT_LOC_STRINGS = NO;
				SWIFT_VERSION = 5.0;
				TEST_TARGET_NAME = DevelopersButler;
			};
			name = Debug;
		};
		45D2F7C428885DCA00ED81E4 /* Release */ = {
			isa = XCBuildConfiguration;
			buildSettings = {
				ALWAYS_EMBED_SWIFT_STANDARD_LIBRARIES = YES;
				CODE_SIGN_STYLE = Automatic;
				CURRENT_PROJECT_VERSION = 1;
				DEVELOPMENT_TEAM = 9RSVCT9A9H;
				GENERATE_INFOPLIST_FILE = YES;
				MARKETING_VERSION = 1.0;
				PRODUCT_BUNDLE_IDENTIFIER = com.mateuszbak.DevelopersButlerUITests;
				PRODUCT_NAME = "$(TARGET_NAME)";
				SWIFT_EMIT_LOC_STRINGS = NO;
				SWIFT_VERSION = 5.0;
				TEST_TARGET_NAME = DevelopersButler;
			};
			name = Release;
		};
/* End XCBuildConfiguration section */

/* Begin XCConfigurationList section */
		45D2F79228885DC900ED81E4 /* Build configuration list for PBXProject "DevelopersButler" */ = {
			isa = XCConfigurationList;
			buildConfigurations = (
				45D2F7BA28885DCA00ED81E4 /* Debug */,
				45D2F7BB28885DCA00ED81E4 /* Release */,
			);
			defaultConfigurationIsVisible = 0;
			defaultConfigurationName = Release;
		};
		45D2F7BC28885DCA00ED81E4 /* Build configuration list for PBXNativeTarget "DevelopersButler" */ = {
			isa = XCConfigurationList;
			buildConfigurations = (
				45D2F7BD28885DCA00ED81E4 /* Debug */,
				45D2F7BE28885DCA00ED81E4 /* Release */,
			);
			defaultConfigurationIsVisible = 0;
			defaultConfigurationName = Release;
		};
		45D2F7BF28885DCA00ED81E4 /* Build configuration list for PBXNativeTarget "DevelopersButlerTests" */ = {
			isa = XCConfigurationList;
			buildConfigurations = (
				45D2F7C028885DCA00ED81E4 /* Debug */,
				45D2F7C128885DCA00ED81E4 /* Release */,
			);
			defaultConfigurationIsVisible = 0;
			defaultConfigurationName = Release;
		};
		45D2F7C228885DCA00ED81E4 /* Build configuration list for PBXNativeTarget "DevelopersButlerUITests" */ = {
			isa = XCConfigurationList;
			buildConfigurations = (
				45D2F7C328885DCA00ED81E4 /* Debug */,
				45D2F7C428885DCA00ED81E4 /* Release */,
			);
			defaultConfigurationIsVisible = 0;
			defaultConfigurationName = Release;
		};
/* End XCConfigurationList section */
	};
	rootObject = 45D2F78F28885DC900ED81E4 /* Project object */;
}
